
Microsoft Visual Studio Solution File, Format Version 12.00
# Visual Studio Version 16
VisualStudioVersion = 16.0.32002.261
MinimumVisualStudioVersion = 10.0.40219.1
Project("{FAE04EC0-301F-11D3-BF4B-00C04F79EFBC}") = "TypeViewer", "TypeViewer\TypeViewer.csproj", "{83FABE7D-9C3A-4102-9169-551922D1ADC2}"
EndProject
Project("{9A19103F-16F7-4668-BE54-9A1E7A4F7556}") = "ExtendalAssemblyReflector", "ExtendalAssemblyReflector\ExtendalAssemblyReflector.csproj", "{291FAE09-E97A-4E5E-AE05-67DA175029B5}"
EndProject
Project("{FAE04EC0-301F-11D3-BF4B-00C04F79EFBC}") = "SharedAsmReflector", "SharedAsmReflector\SharedAsmReflector.csproj", "{2B1026DB-1587-49C3-BF86-2BC06D3B5DEE}"
EndProject
Project("{FAE04EC0-301F-11D3-BF4B-00C04F79EFBC}") = "LateBindingApp", "LateBindingApp\LateBindingApp.csproj", "{A68747B7-31A1-4FC3-BB12-3A812497A9D4}"
EndProject
Project("{FAE04EC0-301F-11D3-BF4B-00C04F79EFBC}") = "ApplyingAttributes", "ApplyingAttributes\ApplyingAttributes.csproj", "{62DD72E5-01A2-4432-9306-B28F466C6B58}"
EndProject
Project("{FAE04EC0-301F-11D3-BF4B-00C04F79EFBC}") = "AttributedCarLibrary", "AttributedCarLibrary\AttributedCarLibrary.csproj", "{9535CAB7-94EB-4D4C-A652-EABBAC4D5AC5}"
EndProject
Project("{FAE04EC0-301F-11D3-BF4B-00C04F79EFBC}") = "VehicleDescriptionAttributeReader", "VehicleDescriptionAttributeReader\VehicleDescriptionAttributeReader.csproj", "{24E3B65F-1965-47CC-824C-3CAFB7AC79F2}"
EndProject
Global
	GlobalSection(SolutionConfigurationPlatforms) = preSolution
		Debug|Any CPU = Debug|Any CPU
		Release|Any CPU = Release|Any CPU
	EndGlobalSection
	GlobalSection(ProjectConfigurationPlatforms) = postSolution
		{83FABE7D-9C3A-4102-9169-551922D1ADC2}.Debug|Any CPU.ActiveCfg = Debug|Any CPU
		{83FABE7D-9C3A-4102-9169-551922D1ADC2}.Debug|Any CPU.Build.0 = Debug|Any CPU
		{83FABE7D-9C3A-4102-9169-551922D1ADC2}.Release|Any CPU.ActiveCfg = Release|Any CPU
		{83FABE7D-9C3A-4102-9169-551922D1ADC2}.Release|Any CPU.Build.0 = Release|Any CPU
		{291FAE09-E97A-4E5E-AE05-67DA175029B5}.Debug|Any CPU.ActiveCfg = Debug|Any CPU
		{291FAE09-E97A-4E5E-AE05-67DA175029B5}.Debug|Any CPU.Build.0 = Debug|Any CPU
		{291FAE09-E97A-4E5E-AE05-67DA175029B5}.Release|Any CPU.ActiveCfg = Release|Any CPU
		{291FAE09-E97A-4E5E-AE05-67DA175029B5}.Release|Any CPU.Build.0 = Release|Any CPU
		{2B1026DB-1587-49C3-BF86-2BC06D3B5DEE}.Debug|Any CPU.ActiveCfg = Debug|Any CPU
		{2B1026DB-1587-49C3-BF86-2BC06D3B5DEE}.Debug|Any CPU.Build.0 = Debug|Any CPU
		{2B1026DB-1587-49C3-BF86-2BC06D3B5DEE}.Release|Any CPU.ActiveCfg = Release|Any CPU
		{2B1026DB-1587-49C3-BF86-2BC06D3B5DEE}.Release|Any CPU.Build.0 = Release|Any CPU
		{A68747B7-31A1-4FC3-BB12-3A812497A9D4}.Debug|Any CPU.ActiveCfg = Debug|Any CPU
		{A68747B7-31A1-4FC3-BB12-3A812497A9D4}.Debug|Any CPU.Build.0 = Debug|Any CPU
		{A68747B7-31A1-4FC3-BB12-3A812497A9D4}.Release|Any CPU.ActiveCfg = Release|Any CPU
		{A68747B7-31A1-4FC3-BB12-3A812497A9D4}.Release|Any CPU.Build.0 = Release|Any CPU
		{62DD72E5-01A2-4432-9306-B28F466C6B58}.Debug|Any CPU.ActiveCfg = Debug|Any CPU
		{62DD72E5-01A2-4432-9306-B28F466C6B58}.Debug|Any CPU.Build.0 = Debug|Any CPU
		{62DD72E5-01A2-4432-9306-B28F466C6B58}.Release|Any CPU.ActiveCfg = Release|Any CPU
		{62DD72E5-01A2-4432-9306-B28F466C6B58}.Release|Any CPU.Build.0 = Release|Any CPU
		{9535CAB7-94EB-4D4C-A652-EABBAC4D5AC5}.Debug|Any CPU.ActiveCfg = Debug|Any CPU
		{9535CAB7-94EB-4D4C-A652-EABBAC4D5AC5}.Debug|Any CPU.Build.0 = Debug|Any CPU
		{9535CAB7-94EB-4D4C-A652-EABBAC4D5AC5}.Release|Any CPU.ActiveCfg = Release|Any CPU
		{9535CAB7-94EB-4D4C-A652-EABBAC4D5AC5}.Release|Any CPU.Build.0 = Release|Any CPU
		{24E3B65F-1965-47CC-824C-3CAFB7AC79F2}.Debug|Any CPU.ActiveCfg = Debug|Any CPU
		{24E3B65F-1965-47CC-824C-3CAFB7AC79F2}.Debug|Any CPU.Build.0 = Debug|Any CPU
		{24E3B65F-1965-47CC-824C-3CAFB7AC79F2}.Release|Any CPU.ActiveCfg = Release|Any CPU
		{24E3B65F-1965-47CC-824C-3CAFB7AC79F2}.Release|Any CPU.Build.0 = Release|Any CPU
	EndGlobalSection
	GlobalSection(SolutionProperties) = preSolution
		HideSolutionNode = FALSE
	EndGlobalSection
	GlobalSection(ExtensibilityGlobals) = postSolution
		SolutionGuid = {BED2CCEF-D1CB-40E2-BEA3-051D983EBF42}
	EndGlobalSection
EndGlobal
